
Microsoft Visual Studio Solution File, Format Version 12.00
# Visual Studio Version 17
VisualStudioVersion = 17.12.35527.113
MinimumVisualStudioVersion = 10.0.40219.1
Project("{FAE04EC0-301F-11D3-BF4B-00C04F79EFBC}") = "Client.Sdk.Dotnet.Example", "Client.Sdk.Dotnet.Example\Client.Sdk.Dotnet.Example.csproj", "{E9FE780A-3E1B-43F0-A8D1-C47446443994}"
EndProject
Project("{FAE04EC0-301F-11D3-BF4B-00C04F79EFBC}") = "Client.Sdk.Dotnet", "Client.Sdk.Dotnet\Client.Sdk.Dotnet.csproj", "{C7800332-3100-4D03-9C93-BFB72D7B006D}"
EndProject
Project("{FAE04EC0-301F-11D3-BF4B-00C04F79EFBC}") = "Microsoft.MixedReality.WebRTC", "MixedReality-WebRTC\libs\Microsoft.MixedReality.WebRTC\Microsoft.MixedReality.WebRTC.csproj", "{547D0804-ABE3-4CCD-901F-7D4791F9830C}"
EndProject
Project("{FAE04EC0-301F-11D3-BF4B-00C04F79EFBC}") = "Client.Sdk.Dotnet.Example.Avalonia", "Client.Sdk.Dotnet.Example.Avalonia\Client.Sdk.Dotnet.Example.Avalonia.csproj", "{4DF421BD-F4FF-40F9-9F35-EAECBAA9739F}"
EndProject
Project("{FAE04EC0-301F-11D3-BF4B-00C04F79EFBC}") = "Client.Sdk.Dotnet.Example.WPF", "Client.Sdk.Dotnet.Example.WPF\Client.Sdk.Dotnet.Example.WPF.csproj", "{84E60F76-2D9E-4B3B-BD7D-4EAB671F35C9}"
EndProject
Global
	GlobalSection(SolutionConfigurationPlatforms) = preSolution
		Debug|Any CPU = Debug|Any CPU
		Release|Any CPU = Release|Any CPU
	EndGlobalSection
	GlobalSection(ProjectConfigurationPlatforms) = postSolution
		{E9FE780A-3E1B-43F0-A8D1-C47446443994}.Debug|Any CPU.ActiveCfg = Debug|Any CPU
		{E9FE780A-3E1B-43F0-A8D1-C47446443994}.Debug|Any CPU.Build.0 = Debug|Any CPU
		{E9FE780A-3E1B-43F0-A8D1-C47446443994}.Release|Any CPU.ActiveCfg = Release|Any CPU
		{E9FE780A-3E1B-43F0-A8D1-C47446443994}.Release|Any CPU.Build.0 = Release|Any CPU
		{C7800332-3100-4D03-9C93-BFB72D7B006D}.Debug|Any CPU.ActiveCfg = Debug|Any CPU
		{C7800332-3100-4D03-9C93-BFB72D7B006D}.Debug|Any CPU.Build.0 = Debug|Any CPU
		{C7800332-3100-4D03-9C93-BFB72D7B006D}.Release|Any CPU.ActiveCfg = Release|Any CPU
		{C7800332-3100-4D03-9C93-BFB72D7B006D}.Release|Any CPU.Build.0 = Release|Any CPU
		{547D0804-ABE3-4CCD-901F-7D4791F9830C}.Debug|Any CPU.ActiveCfg = Debug|Any CPU
		{547D0804-ABE3-4CCD-901F-7D4791F9830C}.Debug|Any CPU.Build.0 = Debug|Any CPU
		{547D0804-ABE3-4CCD-901F-7D4791F9830C}.Release|Any CPU.ActiveCfg = Release|Any CPU
		{547D0804-ABE3-4CCD-901F-7D4791F9830C}.Release|Any CPU.Build.0 = Release|Any CPU
		{4DF421BD-F4FF-40F9-9F35-EAECBAA9739F}.Debug|Any CPU.ActiveCfg = Debug|Any CPU
		{4DF421BD-F4FF-40F9-9F35-EAECBAA9739F}.Debug|Any CPU.Build.0 = Debug|Any CPU
		{4DF421BD-F4FF-40F9-9F35-EAECBAA9739F}.Release|Any CPU.ActiveCfg = Release|Any CPU
		{4DF421BD-F4FF-40F9-9F35-EAECBAA9739F}.Release|Any CPU.Build.0 = Release|Any CPU
		{84E60F76-2D9E-4B3B-BD7D-4EAB671F35C9}.Debug|Any CPU.ActiveCfg = Debug|Any CPU
		{84E60F76-2D9E-4B3B-BD7D-4EAB671F35C9}.Debug|Any CPU.Build.0 = Debug|Any CPU
		{84E60F76-2D9E-4B3B-BD7D-4EAB671F35C9}.Release|Any CPU.ActiveCfg = Release|Any CPU
		{84E60F76-2D9E-4B3B-BD7D-4EAB671F35C9}.Release|Any CPU.Build.0 = Release|Any CPU
	EndGlobalSection
	GlobalSection(SolutionProperties) = preSolution
		HideSolutionNode = FALSE
	EndGlobalSection
	GlobalSection(ExtensibilityGlobals) = postSolution
		SolutionGuid = {D6B397EF-0B55-4554-A062-193F7545CBC7}
	EndGlobalSection
EndGlobal
